{
  "name": "monogramstudio-fefgrid",
  "version": "0.1.0",
  "lockfileVersion": 2,
  "requires": true,
  "packages": {
    "": {
      "name": "monogramstudio-fefgrid",
      "version": "0.1.0",
      "dependencies": {
        "monogramstudio-fefbreakpoint": "github:monogramstudio/fefbreakpoint",
        "monogramstudio-fefcore": "github:monogramstudio/fefcore"
      }
    },
    "node_modules/monogramstudio-fefbreakpoint": {
      "version": "0.1.0",
      "resolved": "git+ssh://git@github.com/monogramstudio/fefbreakpoint.git#eeebd9d761e0d31e71ad1dbed5a2963fa9d9043b"
    },
    "node_modules/monogramstudio-fefcore": {
      "version": "0.1.0",
      "resolved": "git+ssh://git@github.com/monogramstudio/fefcore.git#b77d84afb4b1e2b1f993e11687eaf881bda794ef"
    }
  },
  "dependencies": {
    "monogramstudio-fefbreakpoint": {
      "version": "git+ssh://git@github.com/monogramstudio/fefbreakpoint.git#eeebd9d761e0d31e71ad1dbed5a2963fa9d9043b",
      "from": "monogramstudio-fefbreakpoint@github:monogramstudio/fefbreakpoint"
    },
    "monogramstudio-fefcore": {
      "version": "git+ssh://git@github.com/monogramstudio/fefcore.git#b77d84afb4b1e2b1f993e11687eaf881bda794ef",
      "from": "monogramstudio-fefcore@github:monogramstudio/fefcore"
    }
  }
}
